// !$*UTF8*$!
{
	archiveVersion = 1;
	classes = {
	};
	objectVersion = 50;
	objects = {

/* Begin PBXBuildFile section */
		46A6FB062651201A000C4135 /* AppDelegate.swift in Sources */ = {isa = PBXBuildFile; fileRef = 46A6FB052651201A000C4135 /* AppDelegate.swift */; };
		46A6FB082651201A000C4135 /* SceneDelegate.swift in Sources */ = {isa = PBXBuildFile; fileRef = 46A6FB072651201A000C4135 /* SceneDelegate.swift */; };
		46A6FB0A2651201A000C4135 /* ContainerViewController.swift in Sources */ = {isa = PBXBuildFile; fileRef = 46A6FB092651201A000C4135 /* ContainerViewController.swift */; };
		46A6FB0F2651201B000C4135 /* Assets.xcassets in Resources */ = {isa = PBXBuildFile; fileRef = 46A6FB0E2651201B000C4135 /* Assets.xcassets */; };
		46A6FB122651201B000C4135 /* LaunchScreen.storyboard in Resources */ = {isa = PBXBuildFile; fileRef = 46A6FB102651201B000C4135 /* LaunchScreen.storyboard */; };
		46A6FB1F26513E4F000C4135 /* ListViewController.swift in Sources */ = {isa = PBXBuildFile; fileRef = 46A6FB1D26513E4F000C4135 /* ListViewController.swift */; };
		46A6FB2026513E4F000C4135 /* ListViewController.xib in Resources */ = {isa = PBXBuildFile; fileRef = 46A6FB1E26513E4F000C4135 /* ListViewController.xib */; };
		46A6FB2326513EA4000C4135 /* Extensions.swift in Sources */ = {isa = PBXBuildFile; fileRef = 46A6FB2226513EA4000C4135 /* Extensions.swift */; };
		46A6FB2A2651471F000C4135 /* SearchViewController.swift in Sources */ = {isa = PBXBuildFile; fileRef = 46A6FB282651471F000C4135 /* SearchViewController.swift */; };
		46A6FB2B2651471F000C4135 /* SearchViewController.xib in Resources */ = {isa = PBXBuildFile; fileRef = 46A6FB292651471F000C4135 /* SearchViewController.xib */; };
		46A6FB2E265148CD000C4135 /* NibViewController.swift in Sources */ = {isa = PBXBuildFile; fileRef = 46A6FB2D265148CD000C4135 /* NibViewController.swift */; };
		46A6FB3926519A58000C4135 /* Movie.swift in Sources */ = {isa = PBXBuildFile; fileRef = 46A6FB3826519A58000C4135 /* Movie.swift */; };
		46A6FB3B26519A72000C4135 /* SearchMovieResponse.swift in Sources */ = {isa = PBXBuildFile; fileRef = 46A6FB3A26519A72000C4135 /* SearchMovieResponse.swift */; };
		46A6FB432651A518000C4135 /* RiskMethodsTests.swift in Sources */ = {isa = PBXBuildFile; fileRef = 46A6FB422651A518000C4135 /* RiskMethodsTests.swift */; };
		46A6FB4B265238A1000C4135 /* Configuration.plist in Resources */ = {isa = PBXBuildFile; fileRef = 46A6FB4A265238A1000C4135 /* Configuration.plist */; };
		46A6FB4D26523926000C4135 /* Configuration.swift in Sources */ = {isa = PBXBuildFile; fileRef = 46A6FB4C26523926000C4135 /* Configuration.swift */; };
		DF4CB3EC9801131F0602D11F /* SystemService.swift in Sources */ = {isa = PBXBuildFile; fileRef = DF4CBBD215658C2415D8411F /* SystemService.swift */; };
		DF4CB64982DA7F5933AF397B /* IdentifibleView.swift in Sources */ = {isa = PBXBuildFile; fileRef = DF4CB76601D9D1AE70A83B76 /* IdentifibleView.swift */; };
		DF4CB68907D7EAA0D44E76B5 /* ListItemModelTests.swift in Sources */ = {isa = PBXBuildFile; fileRef = DF4CB2E0896F4B72022EBD4D /* ListItemModelTests.swift */; };
		DF4CB6AB6EF1399458674B0C /* ListItemModel.swift in Sources */ = {isa = PBXBuildFile; fileRef = DF4CBFB61B0332F43F7A2A3B /* ListItemModel.swift */; };
		DF4CB7431E92CE20C0AAE03E /* BaseViewController.swift in Sources */ = {isa = PBXBuildFile; fileRef = DF4CB3C83F1D39960B2075ED /* BaseViewController.swift */; };
		DF4CB7BFD56FF416F5627E78 /* ListItemCell.xib in Resources */ = {isa = PBXBuildFile; fileRef = DF4CBADE2CF55842A150EBFD /* ListItemCell.xib */; };
		DF4CB7FE2B882453A4813F6B /* Mocks.swift in Sources */ = {isa = PBXBuildFile; fileRef = DF4CBCC9AB825D31C4F4756B /* Mocks.swift */; };
		DF4CB880D6F7423329E42E30 /* Utils.swift in Sources */ = {isa = PBXBuildFile; fileRef = DF4CB5515BE3B9C0C6D5B6F8 /* Utils.swift */; };
		DF4CBAE0F2A790116A34688E /* ListItemCell.swift in Sources */ = {isa = PBXBuildFile; fileRef = DF4CBB9FE1FB9D2995617FDA /* ListItemCell.swift */; };
		DF4CBB46819828997016C826 /* CacheService.swift in Sources */ = {isa = PBXBuildFile; fileRef = DF4CBEA3359F12987B24B13F /* CacheService.swift */; };
		DF4CBB7EC81A341B464FE252 /* Images.swift in Sources */ = {isa = PBXBuildFile; fileRef = DF4CBEBA920934C19B46C542 /* Images.swift */; };
		DF4CBB86BC16ED99C4D9B803 /* LayoutConstraint.swift in Sources */ = {isa = PBXBuildFile; fileRef = DF4CB54A29160FA3C5437F69 /* LayoutConstraint.swift */; };
		DF4CBB9DF0515EF47194A823 /* ContainerModel.swift in Sources */ = {isa = PBXBuildFile; fileRef = DF4CBD04668C27B8E60917D4 /* ContainerModel.swift */; };
		DF4CBCA86537EED9253C1334 /* ListModel.swift in Sources */ = {isa = PBXBuildFile; fileRef = DF4CB779B0F75F95B7718416 /* ListModel.swift */; };
		DF4CBD3BD6994CF7DDF89CE9 /* SearchModel.swift in Sources */ = {isa = PBXBuildFile; fileRef = DF4CBB39CEFA05937FAB0881 /* SearchModel.swift */; };
		DF4CBD57E1BAE6BA6BE4ABCD /* NetworkService.swift in Sources */ = {isa = PBXBuildFile; fileRef = DF4CBE3238786508FC1A1A75 /* NetworkService.swift */; };
		DF4CBF44AF9D770F85D48462 /* ServiceProvider.swift in Sources */ = {isa = PBXBuildFile; fileRef = DF4CBE45433180EEED1067C5 /* ServiceProvider.swift */; };
/* End PBXBuildFile section */

/* Begin PBXContainerItemProxy section */
		46A6FB452651A518000C4135 /* PBXContainerItemProxy */ = {
			isa = PBXContainerItemProxy;
			containerPortal = 46A6FAFA2651201A000C4135 /* Project object */;
			proxyType = 1;
			remoteGlobalIDString = 46A6FB012651201A000C4135;
			remoteInfo = RiskMethods;
		};
/* End PBXContainerItemProxy section */

/* Begin PBXFileReference section */
		46A6FB022651201A000C4135 /* RiskMethods.app */ = {isa = PBXFileReference; explicitFileType = wrapper.application; includeInIndex = 0; path = RiskMethods.app; sourceTree = BUILT_PRODUCTS_DIR; };
		46A6FB052651201A000C4135 /* AppDelegate.swift */ = {isa = PBXFileReference; lastKnownFileType = sourcecode.swift; path = AppDelegate.swift; sourceTree = "<group>"; };
		46A6FB072651201A000C4135 /* SceneDelegate.swift */ = {isa = PBXFileReference; lastKnownFileType = sourcecode.swift; path = SceneDelegate.swift; sourceTree = "<group>"; };
		46A6FB092651201A000C4135 /* ContainerViewController.swift */ = {isa = PBXFileReference; lastKnownFileType = sourcecode.swift; path = ContainerViewController.swift; sourceTree = "<group>"; };
		46A6FB0E2651201B000C4135 /* Assets.xcassets */ = {isa = PBXFileReference; lastKnownFileType = folder.assetcatalog; path = Assets.xcassets; sourceTree = "<group>"; };
		46A6FB112651201B000C4135 /* Base */ = {isa = PBXFileReference; lastKnownFileType = file.storyboard; name = Base; path = Base.lproj/LaunchScreen.storyboard; sourceTree = "<group>"; };
		46A6FB132651201B000C4135 /* Info.plist */ = {isa = PBXFileReference; lastKnownFileType = text.plist.xml; path = Info.plist; sourceTree = "<group>"; };
		46A6FB1D26513E4F000C4135 /* ListViewController.swift */ = {isa = PBXFileReference; lastKnownFileType = sourcecode.swift; path = ListViewController.swift; sourceTree = "<group>"; };
		46A6FB1E26513E4F000C4135 /* ListViewController.xib */ = {isa = PBXFileReference; lastKnownFileType = file.xib; path = ListViewController.xib; sourceTree = "<group>"; };
		46A6FB2226513EA4000C4135 /* Extensions.swift */ = {isa = PBXFileReference; lastKnownFileType = sourcecode.swift; path = Extensions.swift; sourceTree = "<group>"; };
		46A6FB282651471F000C4135 /* SearchViewController.swift */ = {isa = PBXFileReference; lastKnownFileType = sourcecode.swift; path = SearchViewController.swift; sourceTree = "<group>"; };
		46A6FB292651471F000C4135 /* SearchViewController.xib */ = {isa = PBXFileReference; lastKnownFileType = file.xib; path = SearchViewController.xib; sourceTree = "<group>"; };
		46A6FB2D265148CD000C4135 /* NibViewController.swift */ = {isa = PBXFileReference; lastKnownFileType = sourcecode.swift; path = NibViewController.swift; sourceTree = "<group>"; };
		46A6FB3826519A58000C4135 /* Movie.swift */ = {isa = PBXFileReference; lastKnownFileType = sourcecode.swift; path = Movie.swift; sourceTree = "<group>"; };
		46A6FB3A26519A72000C4135 /* SearchMovieResponse.swift */ = {isa = PBXFileReference; lastKnownFileType = sourcecode.swift; path = SearchMovieResponse.swift; sourceTree = "<group>"; };
		46A6FB402651A518000C4135 /* RiskMethodsTests.xctest */ = {isa = PBXFileReference; explicitFileType = wrapper.cfbundle; includeInIndex = 0; path = RiskMethodsTests.xctest; sourceTree = BUILT_PRODUCTS_DIR; };
		46A6FB422651A518000C4135 /* RiskMethodsTests.swift */ = {isa = PBXFileReference; lastKnownFileType = sourcecode.swift; path = RiskMethodsTests.swift; sourceTree = "<group>"; };
		46A6FB442651A518000C4135 /* Info.plist */ = {isa = PBXFileReference; lastKnownFileType = text.plist.xml; path = Info.plist; sourceTree = "<group>"; };
		46A6FB4A265238A1000C4135 /* Configuration.plist */ = {isa = PBXFileReference; lastKnownFileType = text.plist.xml; path = Configuration.plist; sourceTree = "<group>"; };
		46A6FB4C26523926000C4135 /* Configuration.swift */ = {isa = PBXFileReference; lastKnownFileType = sourcecode.swift; path = Configuration.swift; sourceTree = "<group>"; };
		DF4CB2E0896F4B72022EBD4D /* ListItemModelTests.swift */ = {isa = PBXFileReference; fileEncoding = 4; lastKnownFileType = sourcecode.swift; path = ListItemModelTests.swift; sourceTree = "<group>"; };
		DF4CB3C83F1D39960B2075ED /* BaseViewController.swift */ = {isa = PBXFileReference; fileEncoding = 4; lastKnownFileType = sourcecode.swift; path = BaseViewController.swift; sourceTree = "<group>"; };
		DF4CB54A29160FA3C5437F69 /* LayoutConstraint.swift */ = {isa = PBXFileReference; fileEncoding = 4; lastKnownFileType = sourcecode.swift; path = LayoutConstraint.swift; sourceTree = "<group>"; };
		DF4CB5515BE3B9C0C6D5B6F8 /* Utils.swift */ = {isa = PBXFileReference; fileEncoding = 4; lastKnownFileType = sourcecode.swift; path = Utils.swift; sourceTree = "<group>"; };
		DF4CB76601D9D1AE70A83B76 /* IdentifibleView.swift */ = {isa = PBXFileReference; fileEncoding = 4; lastKnownFileType = sourcecode.swift; path = IdentifibleView.swift; sourceTree = "<group>"; };
		DF4CB779B0F75F95B7718416 /* ListModel.swift */ = {isa = PBXFileReference; fileEncoding = 4; lastKnownFileType = sourcecode.swift; path = ListModel.swift; sourceTree = "<group>"; };
		DF4CBADE2CF55842A150EBFD /* ListItemCell.xib */ = {isa = PBXFileReference; lastKnownFileType = file.xib; path = ListItemCell.xib; sourceTree = "<group>"; };
		DF4CBB39CEFA05937FAB0881 /* SearchModel.swift */ = {isa = PBXFileReference; fileEncoding = 4; lastKnownFileType = sourcecode.swift; path = SearchModel.swift; sourceTree = "<group>"; };
		DF4CBB9FE1FB9D2995617FDA /* ListItemCell.swift */ = {isa = PBXFileReference; fileEncoding = 4; lastKnownFileType = sourcecode.swift; path = ListItemCell.swift; sourceTree = "<group>"; };
		DF4CBBD215658C2415D8411F /* SystemService.swift */ = {isa = PBXFileReference; fileEncoding = 4; lastKnownFileType = sourcecode.swift; path = SystemService.swift; sourceTree = "<group>"; };
		DF4CBCC9AB825D31C4F4756B /* Mocks.swift */ = {isa = PBXFileReference; fileEncoding = 4; lastKnownFileType = sourcecode.swift; path = Mocks.swift; sourceTree = "<group>"; };
		DF4CBD04668C27B8E60917D4 /* ContainerModel.swift */ = {isa = PBXFileReference; fileEncoding = 4; lastKnownFileType = sourcecode.swift; path = ContainerModel.swift; sourceTree = "<group>"; };
		DF4CBE3238786508FC1A1A75 /* NetworkService.swift */ = {isa = PBXFileReference; fileEncoding = 4; lastKnownFileType = sourcecode.swift; path = NetworkService.swift; sourceTree = "<group>"; };
		DF4CBE45433180EEED1067C5 /* ServiceProvider.swift */ = {isa = PBXFileReference; fileEncoding = 4; lastKnownFileType = sourcecode.swift; path = ServiceProvider.swift; sourceTree = "<group>"; };
		DF4CBEA3359F12987B24B13F /* CacheService.swift */ = {isa = PBXFileReference; fileEncoding = 4; lastKnownFileType = sourcecode.swift; path = CacheService.swift; sourceTree = "<group>"; };
		DF4CBEBA920934C19B46C542 /* Images.swift */ = {isa = PBXFileReference; fileEncoding = 4; lastKnownFileType = sourcecode.swift; path = Images.swift; sourceTree = "<group>"; };
		DF4CBFB61B0332F43F7A2A3B /* ListItemModel.swift */ = {isa = PBXFileReference; fileEncoding = 4; lastKnownFileType = sourcecode.swift; path = ListItemModel.swift; sourceTree = "<group>"; };
/* End PBXFileReference section */

/* Begin PBXFrameworksBuildPhase section */
		46A6FAFF2651201A000C4135 /* Frameworks */ = {
			isa = PBXFrameworksBuildPhase;
			buildActionMask = 2147483647;
			files = (
			);
			runOnlyForDeploymentPostprocessing = 0;
		};
		46A6FB3D2651A518000C4135 /* Frameworks */ = {
			isa = PBXFrameworksBuildPhase;
			buildActionMask = 2147483647;
			files = (
			);
			runOnlyForDeploymentPostprocessing = 0;
		};
/* End PBXFrameworksBuildPhase section */

/* Begin PBXGroup section */
		46A6FAF92651201A000C4135 = {
			isa = PBXGroup;
			children = (
				46A6FB042651201A000C4135 /* RiskMethods */,
				46A6FB412651A518000C4135 /* RiskMethodsTests */,
				46A6FB032651201A000C4135 /* Products */,
			);
			sourceTree = "<group>";
		};
		46A6FB032651201A000C4135 /* Products */ = {
			isa = PBXGroup;
			children = (
				46A6FB022651201A000C4135 /* RiskMethods.app */,
				46A6FB402651A518000C4135 /* RiskMethodsTests.xctest */,
			);
			name = Products;
			sourceTree = "<group>";
		};
		46A6FB042651201A000C4135 /* RiskMethods */ = {
			isa = PBXGroup;
			children = (
				46A6FB132651201B000C4135 /* Info.plist */,
				46A6FB052651201A000C4135 /* AppDelegate.swift */,
				46A6FB072651201A000C4135 /* SceneDelegate.swift */,
				46A6FB0E2651201B000C4135 /* Assets.xcassets */,
				DF4CB3D42343AE2E30016B09 /* Common */,
				46A6FB1926513174000C4135 /* Container */,
				46A6FB102651201B000C4135 /* LaunchScreen.storyboard */,
				46A6FB1A26513C68000C4135 /* List */,
				46A6FB2C2651485F000C4135 /* Search */,
				46A6FB1C26513C7A000C4135 /* Services */,
				46A6FB2126513E8A000C4135 /* Toolkit */,
				46A6FB4A265238A1000C4135 /* Configuration.plist */,
				46A6FB4C26523926000C4135 /* Configuration.swift */,
			);
			path = RiskMethods;
			sourceTree = "<group>";
		};
		46A6FB1926513174000C4135 /* Container */ = {
			isa = PBXGroup;
			children = (
				46A6FB092651201A000C4135 /* ContainerViewController.swift */,
				DF4CBD04668C27B8E60917D4 /* ContainerModel.swift */,
			);
			path = Container;
			sourceTree = "<group>";
		};
		46A6FB1A26513C68000C4135 /* List */ = {
			isa = PBXGroup;
			children = (
				46A6FB1D26513E4F000C4135 /* ListViewController.swift */,
				46A6FB1E26513E4F000C4135 /* ListViewController.xib */,
				DF4CBE5A38BE6317A4FB3616 /* Cell */,
				DF4CB779B0F75F95B7718416 /* ListModel.swift */,
			);
			path = List;
			sourceTree = "<group>";
		};
		46A6FB1C26513C7A000C4135 /* Services */ = {
			isa = PBXGroup;
			children = (
				DF4CBE3238786508FC1A1A75 /* NetworkService.swift */,
				46A6FB3826519A58000C4135 /* Movie.swift */,
				46A6FB3A26519A72000C4135 /* SearchMovieResponse.swift */,
				DF4CBBD215658C2415D8411F /* SystemService.swift */,
				DF4CBEA3359F12987B24B13F /* CacheService.swift */,
				DF4CBE45433180EEED1067C5 /* ServiceProvider.swift */,
			);
			path = Services;
			sourceTree = "<group>";
		};
		46A6FB2126513E8A000C4135 /* Toolkit */ = {
			isa = PBXGroup;
			children = (
				46A6FB2226513EA4000C4135 /* Extensions.swift */,
				DF4CB76601D9D1AE70A83B76 /* IdentifibleView.swift */,
				DF4CB54A29160FA3C5437F69 /* LayoutConstraint.swift */,
				DF4CBEBA920934C19B46C542 /* Images.swift */,
				DF4CB5515BE3B9C0C6D5B6F8 /* Utils.swift */,
			);
			path = Toolkit;
			sourceTree = "<group>";
		};
		46A6FB2C2651485F000C4135 /* Search */ = {
			isa = PBXGroup;
			children = (
				46A6FB282651471F000C4135 /* SearchViewController.swift */,
				46A6FB292651471F000C4135 /* SearchViewController.xib */,
				DF4CBB39CEFA05937FAB0881 /* SearchModel.swift */,
			);
			path = Search;
			sourceTree = "<group>";
		};
		46A6FB412651A518000C4135 /* RiskMethodsTests */ = {
			isa = PBXGroup;
			children = (
				46A6FB422651A518000C4135 /* RiskMethodsTests.swift */,
				46A6FB442651A518000C4135 /* Info.plist */,
				DF4CBCC9AB825D31C4F4756B /* Mocks.swift */,
				DF4CB2E0896F4B72022EBD4D /* ListItemModelTests.swift */,
			);
			path = RiskMethodsTests;
			sourceTree = "<group>";
		};
		DF4CB3D42343AE2E30016B09 /* Common */ = {
			isa = PBXGroup;
			children = (
				DF4CB3C83F1D39960B2075ED /* BaseViewController.swift */,
				46A6FB2D265148CD000C4135 /* NibViewController.swift */,
			);
			path = Common;
			sourceTree = "<group>";
		};
		DF4CBE5A38BE6317A4FB3616 /* Cell */ = {
			isa = PBXGroup;
			children = (
				DF4CBFB61B0332F43F7A2A3B /* ListItemModel.swift */,
				DF4CBADE2CF55842A150EBFD /* ListItemCell.xib */,
				DF4CBB9FE1FB9D2995617FDA /* ListItemCell.swift */,
			);
			path = Cell;
			sourceTree = "<group>";
		};
/* End PBXGroup section */

/* Begin PBXNativeTarget section */
		46A6FB012651201A000C4135 /* RiskMethods */ = {
			isa = PBXNativeTarget;
			buildConfigurationList = 46A6FB162651201B000C4135 /* Build configuration list for PBXNativeTarget "RiskMethods" */;
			buildPhases = (
				46A6FAFE2651201A000C4135 /* Sources */,
				46A6FAFF2651201A000C4135 /* Frameworks */,
				46A6FB002651201A000C4135 /* Resources */,
			);
			buildRules = (
			);
			dependencies = (
			);
			name = RiskMethods;
			productName = RiskMethods;
			productReference = 46A6FB022651201A000C4135 /* RiskMethods.app */;
			productType = "com.apple.product-type.application";
		};
		46A6FB3F2651A518000C4135 /* RiskMethodsTests */ = {
			isa = PBXNativeTarget;
			buildConfigurationList = 46A6FB492651A518000C4135 /* Build configuration list for PBXNativeTarget "RiskMethodsTests" */;
			buildPhases = (
				46A6FB3C2651A518000C4135 /* Sources */,
				46A6FB3D2651A518000C4135 /* Frameworks */,
				46A6FB3E2651A518000C4135 /* Resources */,
			);
			buildRules = (
			);
			dependencies = (
				46A6FB462651A518000C4135 /* PBXTargetDependency */,
			);
			name = RiskMethodsTests;
			productName = RiskMethodsTests;
			productReference = 46A6FB402651A518000C4135 /* RiskMethodsTests.xctest */;
			productType = "com.apple.product-type.bundle.unit-test";
		};
/* End PBXNativeTarget section */

/* Begin PBXProject section */
		46A6FAFA2651201A000C4135 /* Project object */ = {
			isa = PBXProject;
			attributes = {
				LastSwiftUpdateCheck = 1250;
				LastUpgradeCheck = 1250;
				TargetAttributes = {
					46A6FB012651201A000C4135 = {
						CreatedOnToolsVersion = 12.5;
					};
					46A6FB3F2651A518000C4135 = {
						CreatedOnToolsVersion = 12.5;
						TestTargetID = 46A6FB012651201A000C4135;
					};
				};
			};
			buildConfigurationList = 46A6FAFD2651201A000C4135 /* Build configuration list for PBXProject "RiskMethods" */;
			compatibilityVersion = "Xcode 9.3";
			developmentRegion = en;
			hasScannedForEncodings = 0;
			knownRegions = (
				en,
				Base,
			);
			mainGroup = 46A6FAF92651201A000C4135;
			productRefGroup = 46A6FB032651201A000C4135 /* Products */;
			projectDirPath = "";
			projectRoot = "";
			targets = (
				46A6FB012651201A000C4135 /* RiskMethods */,
				46A6FB3F2651A518000C4135 /* RiskMethodsTests */,
			);
		};
/* End PBXProject section */

/* Begin PBXResourcesBuildPhase section */
		46A6FB002651201A000C4135 /* Resources */ = {
			isa = PBXResourcesBuildPhase;
			buildActionMask = 2147483647;
			files = (
				46A6FB2026513E4F000C4135 /* ListViewController.xib in Resources */,
				46A6FB122651201B000C4135 /* LaunchScreen.storyboard in Resources */,
				46A6FB2B2651471F000C4135 /* SearchViewController.xib in Resources */,
				46A6FB4B265238A1000C4135 /* Configuration.plist in Resources */,
				46A6FB0F2651201B000C4135 /* Assets.xcassets in Resources */,
				DF4CB7BFD56FF416F5627E78 /* ListItemCell.xib in Resources */,
			);
			runOnlyForDeploymentPostprocessing = 0;
		};
		46A6FB3E2651A518000C4135 /* Resources */ = {
			isa = PBXResourcesBuildPhase;
			buildActionMask = 2147483647;
			files = (
			);
			runOnlyForDeploymentPostprocessing = 0;
		};
/* End PBXResourcesBuildPhase section */

/* Begin PBXSourcesBuildPhase section */
		46A6FAFE2651201A000C4135 /* Sources */ = {
			isa = PBXSourcesBuildPhase;
			buildActionMask = 2147483647;
			files = (
				46A6FB2A2651471F000C4135 /* SearchViewController.swift in Sources */,
				46A6FB2E265148CD000C4135 /* NibViewController.swift in Sources */,
				46A6FB0A2651201A000C4135 /* ContainerViewController.swift in Sources */,
				46A6FB062651201A000C4135 /* AppDelegate.swift in Sources */,
				46A6FB082651201A000C4135 /* SceneDelegate.swift in Sources */,
				46A6FB1F26513E4F000C4135 /* ListViewController.swift in Sources */,
				46A6FB4D26523926000C4135 /* Configuration.swift in Sources */,
				46A6FB3926519A58000C4135 /* Movie.swift in Sources */,
				46A6FB2326513EA4000C4135 /* Extensions.swift in Sources */,
				DF4CB64982DA7F5933AF397B /* IdentifibleView.swift in Sources */,
				DF4CB7431E92CE20C0AAE03E /* BaseViewController.swift in Sources */,
				DF4CBB86BC16ED99C4D9B803 /* LayoutConstraint.swift in Sources */,
				DF4CBD57E1BAE6BA6BE4ABCD /* NetworkService.swift in Sources */,
				DF4CBB7EC81A341B464FE252 /* Images.swift in Sources */,
				DF4CBD3BD6994CF7DDF89CE9 /* SearchModel.swift in Sources */,
				46A6FB3B26519A72000C4135 /* SearchMovieResponse.swift in Sources */,
				DF4CB3EC9801131F0602D11F /* SystemService.swift in Sources */,
				DF4CBB9DF0515EF47194A823 /* ContainerModel.swift in Sources */,
				DF4CB6AB6EF1399458674B0C /* ListItemModel.swift in Sources */,
				DF4CBAE0F2A790116A34688E /* ListItemCell.swift in Sources */,
				DF4CBCA86537EED9253C1334 /* ListModel.swift in Sources */,
				DF4CB880D6F7423329E42E30 /* Utils.swift in Sources */,
				DF4CBB46819828997016C826 /* CacheService.swift in Sources */,
				DF4CBF44AF9D770F85D48462 /* ServiceProvider.swift in Sources */,
			);
			runOnlyForDeploymentPostprocessing = 0;
		};
		46A6FB3C2651A518000C4135 /* Sources */ = {
			isa = PBXSourcesBuildPhase;
			buildActionMask = 2147483647;
			files = (
				46A6FB432651A518000C4135 /* RiskMethodsTests.swift in Sources */,
				DF4CB7FE2B882453A4813F6B /* Mocks.swift in Sources */,
				DF4CB68907D7EAA0D44E76B5 /* ListItemModelTests.swift in Sources */,
			);
			runOnlyForDeploymentPostprocessing = 0;
		};
/* End PBXSourcesBuildPhase section */

/* Begin PBXTargetDependency section */
		46A6FB462651A518000C4135 /* PBXTargetDependency */ = {
			isa = PBXTargetDependency;
			target = 46A6FB012651201A000C4135 /* RiskMethods */;
			targetProxy = 46A6FB452651A518000C4135 /* PBXContainerItemProxy */;
		};
/* End PBXTargetDependency section */

/* Begin PBXVariantGroup section */
		46A6FB102651201B000C4135 /* LaunchScreen.storyboard */ = {
			isa = PBXVariantGroup;
			children = (
				46A6FB112651201B000C4135 /* Base */,
			);
			name = LaunchScreen.storyboard;
			sourceTree = "<group>";
		};
/* End PBXVariantGroup section */

/* Begin XCBuildConfiguration section */
		46A6FB142651201B000C4135 /* Debug */ = {
			isa = XCBuildConfiguration;
			buildSettings = {
				ALWAYS_SEARCH_USER_PATHS = NO;
				CLANG_ANALYZER_NONNULL = YES;
				CLANG_ANALYZER_NUMBER_OBJECT_CONVERSION = YES_AGGRESSIVE;
				CLANG_CXX_LANGUAGE_STANDARD = "gnu++14";
				CLANG_CXX_LIBRARY = "libc++";
				CLANG_ENABLE_MODULES = YES;
				CLANG_ENABLE_OBJC_ARC = YES;
				CLANG_ENABLE_OBJC_WEAK = YES;
				CLANG_WARN_BLOCK_CAPTURE_AUTORELEASING = YES;
				CLANG_WARN_BOOL_CONVERSION = YES;
				CLANG_WARN_COMMA = YES;
				CLANG_WARN_CONSTANT_CONVERSION = YES;
				CLANG_WARN_DEPRECATED_OBJC_IMPLEMENTATIONS = YES;
				CLANG_WARN_DIRECT_OBJC_ISA_USAGE = YES_ERROR;
				CLANG_WARN_DOCUMENTATION_COMMENTS = YES;
				CLANG_WARN_EMPTY_BODY = YES;
				CLANG_WARN_ENUM_CONVERSION = YES;
				CLANG_WARN_INFINITE_RECURSION = YES;
				CLANG_WARN_INT_CONVERSION = YES;
				CLANG_WARN_NON_LITERAL_NULL_CONVERSION = YES;
				CLANG_WARN_OBJC_IMPLICIT_RETAIN_SELF = YES;
				CLANG_WARN_OBJC_LITERAL_CONVERSION = YES;
				CLANG_WARN_OBJC_ROOT_CLASS = YES_ERROR;
				CLANG_WARN_QUOTED_INCLUDE_IN_FRAMEWORK_HEADER = YES;
				CLANG_WARN_RANGE_LOOP_ANALYSIS = YES;
				CLANG_WARN_STRICT_PROTOTYPES = YES;
				CLANG_WARN_SUSPICIOUS_MOVE = YES;
				CLANG_WARN_UNGUARDED_AVAILABILITY = YES_AGGRESSIVE;
				CLANG_WARN_UNREACHABLE_CODE = YES;
				CLANG_WARN__DUPLICATE_METHOD_MATCH = YES;
				COPY_PHASE_STRIP = NO;
				DEBUG_INFORMATION_FORMAT = dwarf;
				ENABLE_STRICT_OBJC_MSGSEND = YES;
				ENABLE_TESTABILITY = YES;
				GCC_C_LANGUAGE_STANDARD = gnu11;
				GCC_DYNAMIC_NO_PIC = NO;
				GCC_NO_COMMON_BLOCKS = YES;
				GCC_OPTIMIZATION_LEVEL = 0;
				GCC_PREPROCESSOR_DEFINITIONS = (
					"DEBUG=1",
					"$(inherited)",
				);
				GCC_WARN_64_TO_32_BIT_CONVERSION = YES;
				GCC_WARN_ABOUT_RETURN_TYPE = YES_ERROR;
				GCC_WARN_UNDECLARED_SELECTOR = YES;
				GCC_WARN_UNINITIALIZED_AUTOS = YES_AGGRESSIVE;
				GCC_WARN_UNUSED_FUNCTION = YES;
				GCC_WARN_UNUSED_VARIABLE = YES;
				IPHONEOS_DEPLOYMENT_TARGET = 14.1;
				MTL_ENABLE_DEBUG_INFO = INCLUDE_SOURCE;
				MTL_FAST_MATH = YES;
				ONLY_ACTIVE_ARCH = YES;
				SDKROOT = iphoneos;
				SWIFT_ACTIVE_COMPILATION_CONDITIONS = DEBUG;
				SWIFT_OPTIMIZATION_LEVEL = "-Onone";
			};
			name = Debug;
		};
		46A6FB152651201B000C4135 /* Release */ = {
			isa = XCBuildConfiguration;
			buildSettings = {
				ALWAYS_SEARCH_USER_PATHS = NO;
				CLANG_ANALYZER_NONNULL = YES;
				CLANG_ANALYZER_NUMBER_OBJECT_CONVERSION = YES_AGGRESSIVE;
				CLANG_CXX_LANGUAGE_STANDARD = "gnu++14";
				CLANG_CXX_LIBRARY = "libc++";
				CLANG_ENABLE_MODULES = YES;
				CLANG_ENABLE_OBJC_ARC = YES;
				CLANG_ENABLE_OBJC_WEAK = YES;
				CLANG_WARN_BLOCK_CAPTURE_AUTORELEASING = YES;
				CLANG_WARN_BOOL_CONVERSION = YES;
				CLANG_WARN_COMMA = YES;
				CLANG_WARN_CONSTANT_CONVERSION = YES;
				CLANG_WARN_DEPRECATED_OBJC_IMPLEMENTATIONS = YES;
				CLANG_WARN_DIRECT_OBJC_ISA_USAGE = YES_ERROR;
				CLANG_WARN_DOCUMENTATION_COMMENTS = YES;
				CLANG_WARN_EMPTY_BODY = YES;
				CLANG_WARN_ENUM_CONVERSION = YES;
				CLANG_WARN_INFINITE_RECURSION = YES;
				CLANG_WARN_INT_CONVERSION = YES;
				CLANG_WARN_NON_LITERAL_NULL_CONVERSION = YES;
				CLANG_WARN_OBJC_IMPLICIT_RETAIN_SELF = YES;
				CLANG_WARN_OBJC_LITERAL_CONVERSION = YES;
				CLANG_WARN_OBJC_ROOT_CLASS = YES_ERROR;
				CLANG_WARN_QUOTED_INCLUDE_IN_FRAMEWORK_HEADER = YES;
				CLANG_WARN_RANGE_LOOP_ANALYSIS = YES;
				CLANG_WARN_STRICT_PROTOTYPES = YES;
				CLANG_WARN_SUSPICIOUS_MOVE = YES;
				CLANG_WARN_UNGUARDED_AVAILABILITY = YES_AGGRESSIVE;
				CLANG_WARN_UNREACHABLE_CODE = YES;
				CLANG_WARN__DUPLICATE_METHOD_MATCH = YES;
				COPY_PHASE_STRIP = NO;
				DEBUG_INFORMATION_FORMAT = "dwarf-with-dsym";
				ENABLE_NS_ASSERTIONS = NO;
				ENABLE_STRICT_OBJC_MSGSEND = YES;
				GCC_C_LANGUAGE_STANDARD = gnu11;
				GCC_NO_COMMON_BLOCKS = YES;
				GCC_WARN_64_TO_32_BIT_CONVERSION = YES;
				GCC_WARN_ABOUT_RETURN_TYPE = YES_ERROR;
				GCC_WARN_UNDECLARED_SELECTOR = YES;
				GCC_WARN_UNINITIALIZED_AUTOS = YES_AGGRESSIVE;
				GCC_WARN_UNUSED_FUNCTION = YES;
				GCC_WARN_UNUSED_VARIABLE = YES;
				IPHONEOS_DEPLOYMENT_TARGET = 14.1;
				MTL_ENABLE_DEBUG_INFO = NO;
				MTL_FAST_MATH = YES;
				SDKROOT = iphoneos;
				SWIFT_COMPILATION_MODE = wholemodule;
				SWIFT_OPTIMIZATION_LEVEL = "-O";
				VALIDATE_PRODUCT = YES;
			};
			name = Release;
		};
		46A6FB172651201B000C4135 /* Debug */ = {
			isa = XCBuildConfiguration;
			buildSettings = {
				ASSETCATALOG_COMPILER_APPICON_NAME = AppIcon;
				ASSETCATALOG_COMPILER_GLOBAL_ACCENT_COLOR_NAME = AccentColor;
				CODE_SIGN_STYLE = Automatic;
				DEVELOPMENT_TEAM = VJFBL73T4H;
				INFOPLIST_FILE = RiskMethods/Info.plist;
				IPHONEOS_DEPLOYMENT_TARGET = 14.1;
				LD_RUNPATH_SEARCH_PATHS = (
					"$(inherited)",
					"@executable_path/Frameworks",
				);
				PRODUCT_BUNDLE_IDENTIFIER = pl.jucha.RiskMethods;
				PRODUCT_NAME = "$(TARGET_NAME)";
				SWIFT_VERSION = 5.0;
				TARGETED_DEVICE_FAMILY = 1;
			};
			name = Debug;
		};
		46A6FB182651201B000C4135 /* Release */ = {
			isa = XCBuildConfiguration;
			buildSettings = {
				ASSETCATALOG_COMPILER_APPICON_NAME = AppIcon;
				ASSETCATALOG_COMPILER_GLOBAL_ACCENT_COLOR_NAME = AccentColor;
				CODE_SIGN_STYLE = Automatic;
				DEVELOPMENT_TEAM = VJFBL73T4H;
				INFOPLIST_FILE = RiskMethods/Info.plist;
				IPHONEOS_DEPLOYMENT_TARGET = 14.1;
				LD_RUNPATH_SEARCH_PATHS = (
					"$(inherited)",
					"@executable_path/Frameworks",
				);
				PRODUCT_BUNDLE_IDENTIFIER = pl.jucha.RiskMethods;
				PRODUCT_NAME = "$(TARGET_NAME)";
				SWIFT_VERSION = 5.0;
				TARGETED_DEVICE_FAMILY = 1;
			};
			name = Release;
		};
		46A6FB472651A518000C4135 /* Debug */ = {
			isa = XCBuildConfiguration;
			buildSettings = {
				BUNDLE_LOADER = "$(TEST_HOST)";
				CODE_SIGN_STYLE = Automatic;
				DEVELOPMENT_TEAM = VJFBL73T4H;
				INFOPLIST_FILE = RiskMethodsTests/Info.plist;
				IPHONEOS_DEPLOYMENT_TARGET = 14.5;
				LD_RUNPATH_SEARCH_PATHS = (
					"$(inherited)",
					"@executable_path/Frameworks",
					"@loader_path/Frameworks",
				);
				PRODUCT_BUNDLE_IDENTIFIER = pl.jucha.RiskMethodsTests;
				PRODUCT_NAME = "$(TARGET_NAME)";
				SWIFT_VERSION = 5.0;
				TARGETED_DEVICE_FAMILY = "1,2";
				TEST_HOST = "$(BUILT_PRODUCTS_DIR)/RiskMethods.app/RiskMethods";
			};
			name = Debug;
		};
		46A6FB482651A518000C4135 /* Release */ = {
			isa = XCBuildConfiguration;
			buildSettings = {
				BUNDLE_LOADER = "$(TEST_HOST)";
				CODE_SIGN_STYLE = Automatic;
				DEVELOPMENT_TEAM = VJFBL73T4H;
				INFOPLIST_FILE = RiskMethodsTests/Info.plist;
				IPHONEOS_DEPLOYMENT_TARGET = 14.5;
				LD_RUNPATH_SEARCH_PATHS = (
					"$(inherited)",
					"@executable_path/Frameworks",
					"@loader_path/Frameworks",
				);
				PRODUCT_BUNDLE_IDENTIFIER = pl.jucha.RiskMethodsTests;
				PRODUCT_NAME = "$(TARGET_NAME)";
				SWIFT_VERSION = 5.0;
				TARGETED_DEVICE_FAMILY = "1,2";
				TEST_HOST = "$(BUILT_PRODUCTS_DIR)/RiskMethods.app/RiskMethods";
			};
			name = Release;
		};
/* End XCBuildConfiguration section */

/* Begin XCConfigurationList section */
		46A6FAFD2651201A000C4135 /* Build configuration list for PBXProject "RiskMethods" */ = {
			isa = XCConfigurationList;
			buildConfigurations = (
				46A6FB142651201B000C4135 /* Debug */,
				46A6FB152651201B000C4135 /* Release */,
			);
			defaultConfigurationIsVisible = 0;
			defaultConfigurationName = Release;
		};
		46A6FB162651201B000C4135 /* Build configuration list for PBXNativeTarget "RiskMethods" */ = {
			isa = XCConfigurationList;
			buildConfigurations = (
				46A6FB172651201B000C4135 /* Debug */,
				46A6FB182651201B000C4135 /* Release */,
			);
			defaultConfigurationIsVisible = 0;
			defaultConfigurationName = Release;
		};
		46A6FB492651A518000C4135 /* Build configuration list for PBXNativeTarget "RiskMethodsTests" */ = {
			isa = XCConfigurationList;
			buildConfigurations = (
				46A6FB472651A518000C4135 /* Debug */,
				46A6FB482651A518000C4135 /* Release */,
			);
			defaultConfigurationIsVisible = 0;
			defaultConfigurationName = Release;
		};
/* End XCConfigurationList section */
	};
	rootObject = 46A6FAFA2651201A000C4135 /* Project object */;
}
